{
  "nodes": {
    "nixpkgs": {
      "locked": {
        "lastModified": 1653738054,
        "narHash": "sha256-IaR8iLN4Ms3f5EjU1CJkXSc49ZzyS5qv03DtVAti6/s=",
        "owner": "nixos",
        "repo": "nixpkgs",
        "rev": "17b62c338f2a0862a58bb6951556beecd98ccda9",
        "type": "github"
      },
      "original": {
        "owner": "nixos",
        "ref": "nixpkgs-unstable",
        "repo": "nixpkgs",
        "type": "github"
      }
    },
    "root": {
      "inputs": {
        "nixpkgs": "nixpkgs"
      }
    }
  },
  "root": "root",
  "version": 7
}
